{
  "name": "s3layer",
  "version": "0.6.3",
  "lockfileVersion": 1,
  "requires": true,
  "dependencies": {
    "aws-sdk": {
      "version": "2.458.0",
      "resolved": "https://registry.npmjs.org/aws-sdk/-/aws-sdk-2.458.0.tgz",
      "integrity": "sha512-KcP5zA+zrIvQvPafjyPodIlmcwp5mX2VbsMF4ajp02k2IxdL/QiWv0dTU1cZEqb/G4B4LupJX1X2Slx6ZVb8cw==",
      "requires": {
        "buffer": "4.9.1",
        "events": "1.1.1",
        "ieee754": "1.1.8",
        "jmespath": "0.15.0",
        "querystring": "0.2.0",
        "sax": "1.2.1",
        "url": "0.10.3",
        "uuid": "3.3.2",
        "xml2js": "0.4.19"
      }
    },
    "base64-js": {
      "version": "1.3.0",
      "resolved": "https://registry.npmjs.org/base64-js/-/base64-js-1.3.0.tgz",
      "integrity": "sha512-ccav/yGvoa80BQDljCxsmmQ3Xvx60/UpBIij5QN21W3wBi/hhIC9OoO+KLpu9IJTS9j4DRVJ3aDDF9cMSoa2lw=="
    },
    "buffer": {
      "version": "4.9.1",
      "resolved": "https://registry.npmjs.org/buffer/-/buffer-4.9.1.tgz",
      "integrity": "sha1-bRu2AbB6TvztlwlBMgkwJ8lbwpg=",
      "requires": {
        "base64-js": "^1.0.2",
        "ieee754": "^1.1.4",
        "isarray": "^1.0.0"
      }
    },
    "events": {
      "version": "1.1.1",
      "resolved": "https://registry.npmjs.org/events/-/events-1.1.1.tgz",
      "integrity": "sha1-nr23Y1rQmccNzEwqH1AEKI6L2SQ="
    },
    "express": {
      "version": "4.12.2",
      "resolved": "https://registry.npmjs.org/express/-/express-4.12.2.tgz",
      "integrity": "sha1-fnKtTBtO3wdTam0eKs7AFh2FZL0=",
      "dev": true,
      "requires": {
        "accepts": "~1.2.4",
        "content-disposition": "0.5.0",
        "content-type": "~1.0.1",
        "cookie": "0.1.2",
        "cookie-signature": "1.0.6",
        "debug": "~2.1.1",
        "depd": "~1.0.0",
        "escape-html": "1.0.1",
        "etag": "~1.5.1",
        "finalhandler": "0.3.3",
        "fresh": "0.2.4",
        "merge-descriptors": "1.0.0",
        "methods": "~1.1.1",
        "on-finished": "~2.2.0",
        "parseurl": "~1.3.0",
        "path-to-regexp": "0.1.3",
        "proxy-addr": "~1.0.6",
        "qs": "2.3.3",
        "range-parser": "~1.0.2",
        "send": "0.12.1",
        "serve-static": "~1.9.1",
        "type-is": "~1.6.0",
        "utils-merge": "1.0.0",
        "vary": "~1.0.0"
      },
      "dependencies": {
        "accepts": {
          "version": "1.2.4",
          "resolved": "https://registry.npmjs.org/accepts/-/accepts-1.2.4.tgz",
          "integrity": "sha1-9ObGb0+vacdr16Y6H/xb0trPsqw=",
          "dev": true,
          "requires": {
            "mime-types": "~2.0.9",
            "negotiator": "0.5.1"
          },
          "dependencies": {
            "mime-types": {
              "version": "2.0.9",
              "resolved": "https://registry.npmjs.org/mime-types/-/mime-types-2.0.9.tgz",
              "integrity": "sha1-6ESa/yexJF3cZkG1JEOa6AxLeKY=",
              "dev": true,
              "requires": {
                "mime-db": "~1.7.0"
              },
              "dependencies": {
                "mime-db": {
                  "version": "1.7.0",
                  "resolved": "https://registry.npmjs.org/mime-db/-/mime-db-1.7.0.tgz",
                  "integrity": "sha1-Ns9mpsUupxgnveKH93wlT17xuNM=",
                  "dev": true
                }
              }
            },
            "negotiator": {
              "version": "0.5.1",
              "resolved": "https://registry.npmjs.org/negotiator/-/negotiator-0.5.1.tgz",
              "integrity": "sha1-SY9mHFIkcBU8YIasgwGcs+tm9hw=",
              "dev": true
            }
          }
        },
        "content-disposition": {
          "version": "0.5.0",
          "resolved": "https://registry.npmjs.org/content-disposition/-/content-disposition-0.5.0.tgz",
          "integrity": "sha1-QoT+auBjCHRjnkToCkGMKTQTXp4=",
          "dev": true
        },
        "content-type": {
          "version": "1.0.1",
          "resolved": "https://registry.npmjs.org/content-type/-/content-type-1.0.1.tgz",
          "integrity": "sha1-oZ0iRzJ9wDgFDOYit6FU7FnF5gA=",
          "dev": true
        },
        "cookie": {
          "version": "0.1.2",
          "resolved": "https://registry.npmjs.org/cookie/-/cookie-0.1.2.tgz",
          "integrity": "sha1-cv7D0k5Io0Mgc9kMEmQgBQYQBLE=",
          "dev": true
        },
        "cookie-signature": {
          "version": "1.0.6",
          "resolved": "https://registry.npmjs.org/cookie-signature/-/cookie-signature-1.0.6.tgz",
          "integrity": "sha1-4wOogrNCzD7oylE6eZmXNNqzriw=",
          "dev": true
        },
        "debug": {
          "version": "2.1.2",
          "resolved": "https://registry.npmjs.org/debug/-/debug-2.1.2.tgz",
          "integrity": "sha1-1YU+xIAR6v2eyApcRzMzLB52ekM=",
          "dev": true,
          "requires": {
            "ms": "0.7.0"
          },
          "dependencies": {
            "ms": {
              "version": "0.7.0",
              "resolved": "https://registry.npmjs.org/ms/-/ms-0.7.0.tgz",
              "integrity": "sha1-hlvpTC5zl62KV9pqYzpuLzB5i4M=",
              "dev": true
            }
          }
        },
        "depd": {
          "version": "1.0.0",
          "resolved": "https://registry.npmjs.org/depd/-/depd-1.0.0.tgz",
          "integrity": "sha1-L9oNAOmKrihF1Jkasb8fKhmQc9U=",
          "dev": true
        },
        "escape-html": {
          "version": "1.0.1",
          "resolved": "https://registry.npmjs.org/escape-html/-/escape-html-1.0.1.tgz",
          "integrity": "sha1-GBoobq05ejmpKFfPsdQwUuNWv/A=",
          "dev": true
        },
        "etag": {
          "version": "1.5.1",
          "resolved": "https://registry.npmjs.org/etag/-/etag-1.5.1.tgz",
          "integrity": "sha1-VMUN4E7kJpVWKSWsVmWIKRvn6eo=",
          "dev": true,
          "requires": {
            "crc": "3.2.1"
          },
          "dependencies": {
            "crc": {
              "version": "3.2.1",
              "resolved": "https://registry.npmjs.org/crc/-/crc-3.2.1.tgz",
              "integrity": "sha1-XZyPt3okXNXsopHl0tAFM0urAII=",
              "dev": true
            }
          }
        },
        "finalhandler": {
          "version": "0.3.3",
          "resolved": "https://registry.npmjs.org/finalhandler/-/finalhandler-0.3.3.tgz",
          "integrity": "sha1-saCaoeamB7NUFmmwm8tyf0YM1CY=",
          "dev": true,
          "requires": {
            "debug": "~2.1.1",
            "escape-html": "1.0.1",
            "on-finished": "~2.2.0"
          }
        },
        "fresh": {
          "version": "0.2.4",
          "resolved": "https://registry.npmjs.org/fresh/-/fresh-0.2.4.tgz",
          "integrity": "sha1-NYJJkgbJcjcUGQ7ddLRgT+tKYUw=",
          "dev": true
        },
        "merge-descriptors": {
          "version": "1.0.0",
          "resolved": "https://registry.npmjs.org/merge-descriptors/-/merge-descriptors-1.0.0.tgz",
          "integrity": "sha1-IWnPdTjhsMyH+4jhUC2EdLv3mGQ=",
          "dev": true
        },
        "methods": {
          "version": "1.1.1",
          "resolved": "https://registry.npmjs.org/methods/-/methods-1.1.1.tgz",
          "integrity": "sha1-F+pjZgZtAMWON1uOx9/QRTyJgio=",
          "dev": true
        },
        "on-finished": {
          "version": "2.2.0",
          "resolved": "https://registry.npmjs.org/on-finished/-/on-finished-2.2.0.tgz",
          "integrity": "sha1-5rpqCaNILWt5abw9qSyG8KlnYF4=",
          "dev": true,
          "requires": {
            "ee-first": "1.1.0"
          },
          "dependencies": {
            "ee-first": {
              "version": "1.1.0",
              "resolved": "https://registry.npmjs.org/ee-first/-/ee-first-1.1.0.tgz",
              "integrity": "sha1-ag18YiHkkP7v2S7D9EHJzozQl/Q=",
              "dev": true
            }
          }
        },
        "parseurl": {
          "version": "1.3.0",
          "resolved": "https://registry.npmjs.org/parseurl/-/parseurl-1.3.0.tgz",
          "integrity": "sha1-tYBG20Ij4UWvp2AJ5hush8wigbM=",
          "dev": true
        },
        "path-to-regexp": {
          "version": "0.1.3",
          "resolved": "https://registry.npmjs.org/path-to-regexp/-/path-to-regexp-0.1.3.tgz",
          "integrity": "sha1-IbmrgidCed4lsVbqCP0SylG4rss=",
          "dev": true
        },
        "proxy-addr": {
          "version": "1.0.6",
          "resolved": "https://registry.npmjs.org/proxy-addr/-/proxy-addr-1.0.6.tgz",
          "integrity": "sha1-/OOkxIa/LhiK0eduGDmaedAsDnI=",
          "dev": true,
          "requires": {
            "forwarded": "~0.1.0",
            "ipaddr.js": "0.1.8"
          },
          "dependencies": {
            "forwarded": {
              "version": "0.1.0",
              "resolved": "https://registry.npmjs.org/forwarded/-/forwarded-0.1.0.tgz",
              "integrity": "sha1-Ge+YdMSuHCl7zweP3mOgm2aoQ2M=",
              "dev": true
            },
            "ipaddr.js": {
              "version": "0.1.8",
              "resolved": "https://registry.npmjs.org/ipaddr.js/-/ipaddr.js-0.1.8.tgz",
              "integrity": "sha1-J0Qu2ne2JsRHJLSqihhn6EEFee4=",
              "dev": true
            }
          }
        },
        "qs": {
          "version": "2.3.3",
          "resolved": "https://registry.npmjs.org/qs/-/qs-2.3.3.tgz",
          "integrity": "sha1-6eha2+ddoLvkyOBHaghikPhjtAQ=",
          "dev": true
        },
        "range-parser": {
          "version": "1.0.2",
          "resolved": "https://registry.npmjs.org/range-parser/-/range-parser-1.0.2.tgz",
          "integrity": "sha1-BqEqQuUTG6jkV82JIESGfyNE5Uk=",
          "dev": true
        },
        "send": {
          "version": "0.12.1",
          "resolved": "https://registry.npmjs.org/send/-/send-0.12.1.tgz",
          "integrity": "sha1-ZeLkMw6ua00Qgqkhv8jpyfF3azE=",
          "dev": true,
          "requires": {
            "debug": "~2.1.1",
            "depd": "~1.0.0",
            "destroy": "1.0.3",
            "escape-html": "1.0.1",
            "etag": "~1.5.1",
            "fresh": "0.2.4",
            "mime": "1.3.4",
            "ms": "0.7.0",
            "on-finished": "~2.2.0",
            "range-parser": "~1.0.2"
          },
          "dependencies": {
            "destroy": {
              "version": "1.0.3",
              "resolved": "https://registry.npmjs.org/destroy/-/destroy-1.0.3.tgz",
              "integrity": "sha1-tDO0ck5x/YVR2YhRdIUcX8N34sk=",
              "dev": true
            },
            "mime": {
              "version": "1.3.4",
              "resolved": "https://registry.npmjs.org/mime/-/mime-1.3.4.tgz",
              "integrity": "sha1-EV+eO2s9rylZmDyzjxSaLUDrXVM=",
              "dev": true
            },
            "ms": {
              "version": "0.7.0",
              "resolved": "https://registry.npmjs.org/ms/-/ms-0.7.0.tgz",
              "integrity": "sha1-hlvpTC5zl62KV9pqYzpuLzB5i4M=",
              "dev": true
            }
          }
        },
        "serve-static": {
          "version": "1.9.1",
          "resolved": "https://registry.npmjs.org/serve-static/-/serve-static-1.9.1.tgz",
          "integrity": "sha1-phGyuKLPtfiWhfKTyzZfP162FFE=",
          "dev": true,
          "requires": {
            "escape-html": "1.0.1",
            "parseurl": "~1.3.0",
            "send": "0.12.1",
            "utils-merge": "1.0.0"
          }
        },
        "type-is": {
          "version": "1.6.0",
          "resolved": "https://registry.npmjs.org/type-is/-/type-is-1.6.0.tgz",
          "integrity": "sha1-78uSI/r61aA74U2PbJ4XhfLA58M=",
          "dev": true,
          "requires": {
            "media-typer": "0.3.0",
            "mime-types": "~2.0.9"
          },
          "dependencies": {
            "media-typer": {
              "version": "0.3.0",
              "resolved": "https://registry.npmjs.org/media-typer/-/media-typer-0.3.0.tgz",
              "integrity": "sha1-hxDXrwqmJvj/+hzgAWhUUmMlV0g=",
              "dev": true
            },
            "mime-types": {
              "version": "2.0.9",
              "resolved": "https://registry.npmjs.org/mime-types/-/mime-types-2.0.9.tgz",
              "integrity": "sha1-6ESa/yexJF3cZkG1JEOa6AxLeKY=",
              "dev": true,
              "requires": {
                "mime-db": "~1.7.0"
              },
              "dependencies": {
                "mime-db": {
                  "version": "1.7.0",
                  "resolved": "https://registry.npmjs.org/mime-db/-/mime-db-1.7.0.tgz",
                  "integrity": "sha1-Ns9mpsUupxgnveKH93wlT17xuNM=",
                  "dev": true
                }
              }
            }
          }
        },
        "utils-merge": {
          "version": "1.0.0",
          "resolved": "https://registry.npmjs.org/utils-merge/-/utils-merge-1.0.0.tgz",
          "integrity": "sha1-ApT7kiu5N1FTVBxPcJYjHyh8ivg=",
          "dev": true
        },
        "vary": {
          "version": "1.0.0",
          "resolved": "https://registry.npmjs.org/vary/-/vary-1.0.0.tgz",
          "integrity": "sha1-xeds7CDTgg2PKpbnvuOHMcNNoec=",
          "dev": true
        }
      }
    },
    "ieee754": {
      "version": "1.1.8",
      "resolved": "https://registry.npmjs.org/ieee754/-/ieee754-1.1.8.tgz",
      "integrity": "sha1-vjPUCsEO8ZJnAfbwii2G+/0a0+Q="
    },
    "isarray": {
      "version": "1.0.0",
      "resolved": "https://registry.npmjs.org/isarray/-/isarray-1.0.0.tgz",
      "integrity": "sha1-u5NdSFgsuhaMBoNJV6VKPgcSTxE="
    },
    "jmespath": {
      "version": "0.15.0",
      "resolved": "https://registry.npmjs.org/jmespath/-/jmespath-0.15.0.tgz",
      "integrity": "sha1-o/Iiqarp+Wb10nx5ZRDigJF2Qhc="
    },
    "lodash": {
      "version": "3.10.1",
      "resolved": "https://registry.npmjs.org/lodash/-/lodash-3.10.1.tgz",
      "integrity": "sha1-W/Rejkm6QYnhfUgnid/RW9FAt7Y="
    },
    "punycode": {
      "version": "1.3.2",
      "resolved": "https://registry.npmjs.org/punycode/-/punycode-1.3.2.tgz",
      "integrity": "sha1-llOgNvt8HuQjQvIyXM7v6jkmxI0="
    },
    "querystring": {
      "version": "0.2.0",
      "resolved": "https://registry.npmjs.org/querystring/-/querystring-0.2.0.tgz",
      "integrity": "sha1-sgmEkgO7Jd+CDadW50cAWHhSFiA="
    },
    "sax": {
      "version": "1.2.1",
      "resolved": "https://registry.npmjs.org/sax/-/sax-1.2.1.tgz",
      "integrity": "sha1-e45lYZCyKOgaZq6nSEgNgozS03o="
    },
    "url": {
      "version": "0.10.3",
      "resolved": "https://registry.npmjs.org/url/-/url-0.10.3.tgz",
      "integrity": "sha1-Ah5NnHcF8hu/N9A861h2dAJ3TGQ=",
      "requires": {
        "punycode": "1.3.2",
        "querystring": "0.2.0"
      }
    },
    "uuid": {
      "version": "3.3.2",
      "resolved": "https://registry.npmjs.org/uuid/-/uuid-3.3.2.tgz",
      "integrity": "sha512-yXJmeNaw3DnnKAOKJE51sL/ZaYfWJRl1pK9dr19YFCu0ObS231AB1/LbqTKRAQ5kw8A90rA6fr4riOUpTZvQZA=="
    },
    "xml2js": {
      "version": "0.4.19",
      "resolved": "https://registry.npmjs.org/xml2js/-/xml2js-0.4.19.tgz",
      "integrity": "sha512-esZnJZJOiJR9wWKMyuvSE1y6Dq5LCuJanqhxslH2bxM6duahNZ+HMpCLhBQGZkbX6xRf8x1Y2eJlgt2q3qo49Q==",
      "requires": {
        "sax": ">=0.6.0",
        "xmlbuilder": "~9.0.1"
      }
    },
    "xmlbuilder": {
      "version": "9.0.7",
      "resolved": "https://registry.npmjs.org/xmlbuilder/-/xmlbuilder-9.0.7.tgz",
      "integrity": "sha1-Ey7mPS7FVlxVfiD0wi35rKaGsQ0="
    }
  }
}
